
Microsoft Visual Studio Solution File, Format Version 12.00
# Visual Studio Version 17
VisualStudioVersion = 17.11.35303.130
MinimumVisualStudioVersion = 10.0.40219.1
Project("{FAE04EC0-301F-11D3-BF4B-00C04F79EFBC}") = "ToDoList", "ToDoList.csproj", "{DB634F2D-6A78-45C4-9737-2BB1DB6BF844}"
EndProject
Global
	GlobalSection(SolutionConfigurationPlatforms) = preSolution
		Debug|Any CPU = Debug|Any CPU
		Release|Any CPU = Release|Any CPU
	EndGlobalSection
	GlobalSection(ProjectConfigurationPlatforms) = postSolution
		{DB634F2D-6A78-45C4-9737-2BB1DB6BF844}.Debug|Any CPU.ActiveCfg = Debug|Any CPU
		{DB634F2D-6A78-45C4-9737-2BB1DB6BF844}.Debug|Any CPU.Build.0 = Debug|Any CPU
		{DB634F2D-6A78-45C4-9737-2BB1DB6BF844}.Release|Any CPU.ActiveCfg = Release|Any CPU
		{DB634F2D-6A78-45C4-9737-2BB1DB6BF844}.Release|Any CPU.Build.0 = Release|Any CPU
	EndGlobalSection
	GlobalSection(SolutionProperties) = preSolution
		HideSolutionNode = FALSE
	EndGlobalSection
	GlobalSection(ExtensibilityGlobals) = postSolution
		SolutionGuid = {539706F8-3954-4353-9A2C-2BB6D4F1E2C3}
	EndGlobalSection
EndGlobal
